// !$*UTF8*$!
{
	archiveVersion = 1;
	classes = {
	};
	objectVersion = 46;
	objects = {

/* Begin PBXBuildFile section */
		659F62DC1AB0745C0043F2AF /* main.m in Sources */ = {isa = PBXBuildFile; fileRef = 659F62DB1AB0745C0043F2AF /* main.m */; };
		659F62DF1AB0745C0043F2AF /* AppDelegate.m in Sources */ = {isa = PBXBuildFile; fileRef = 659F62DE1AB0745C0043F2AF /* AppDelegate.m */; };
		659F62E21AB0745C0043F2AF /* ViewController.m in Sources */ = {isa = PBXBuildFile; fileRef = 659F62E11AB0745C0043F2AF /* ViewController.m */; };
		659F62E51AB0745C0043F2AF /* Main.storyboard in Resources */ = {isa = PBXBuildFile; fileRef = 659F62E31AB0745C0043F2AF /* Main.storyboard */; };
		659F62E71AB0745C0043F2AF /* Images.xcassets in Resources */ = {isa = PBXBuildFile; fileRef = 659F62E61AB0745C0043F2AF /* Images.xcassets */; };
		659F62EA1AB0745C0043F2AF /* LaunchScreen.xib in Resources */ = {isa = PBXBuildFile; fileRef = 659F62E81AB0745C0043F2AF /* LaunchScreen.xib */; };
		659F62F61AB0745C0043F2AF /* GitTestTests.m in Sources */ = {isa = PBXBuildFile; fileRef = 659F62F51AB0745C0043F2AF /* GitTestTests.m */; };
/* End PBXBuildFile section */

/* Begin PBXContainerItemProxy section */
		659F62F01AB0745C0043F2AF /* PBXContainerItemProxy */ = {
			isa = PBXContainerItemProxy;
			containerPortal = 659F62CE1AB0745C0043F2AF /* Project object */;
			proxyType = 1;
			remoteGlobalIDString = 659F62D51AB0745C0043F2AF;
			remoteInfo = GitTest;
		};
/* End PBXContainerItemProxy section */

/* Begin PBXFileReference section */
		659F62D61AB0745C0043F2AF /* GitTest.app */ = {isa = PBXFileReference; explicitFileType = wrapper.application; includeInIndex = 0; path = GitTest.app; sourceTree = BUILT_PRODUCTS_DIR; };
		659F62DA1AB0745C0043F2AF /* Info.plist */ = {isa = PBXFileReference; lastKnownFileType = text.plist.xml; path = Info.plist; sourceTree = "<group>"; };
		659F62DB1AB0745C0043F2AF /* main.m */ = {isa = PBXFileReference; lastKnownFileType = sourcecode.c.objc; path = main.m; sourceTree = "<group>"; };
		659F62DD1AB0745C0043F2AF /* AppDelegate.h */ = {isa = PBXFileReference; lastKnownFileType = sourcecode.c.h; path = AppDelegate.h; sourceTree = "<group>"; };
		659F62DE1AB0745C0043F2AF /* AppDelegate.m */ = {isa = PBXFileReference; lastKnownFileType = sourcecode.c.objc; path = AppDelegate.m; sourceTree = "<group>"; };
		659F62E01AB0745C0043F2AF /* ViewController.h */ = {isa = PBXFileReference; lastKnownFileType = sourcecode.c.h; path = ViewController.h; sourceTree = "<group>"; };
		659F62E11AB0745C0043F2AF /* ViewController.m */ = {isa = PBXFileReference; lastKnownFileType = sourcecode.c.objc; path = ViewController.m; sourceTree = "<group>"; };
		659F62E41AB0745C0043F2AF /* Base */ = {isa = PBXFileReference; lastKnownFileType = file.storyboard; name = Base; path = Base.lproj/Main.storyboard; sourceTree = "<group>"; };
		659F62E61AB0745C0043F2AF /* Images.xcassets */ = {isa = PBXFileReference; lastKnownFileType = folder.assetcatalog; path = Images.xcassets; sourceTree = "<group>"; };
		659F62E91AB0745C0043F2AF /* Base */ = {isa = PBXFileReference; lastKnownFileType = file.xib; name = Base; path = Base.lproj/LaunchScreen.xib; sourceTree = "<group>"; };
		659F62EF1AB0745C0043F2AF /* GitTestTests.xctest */ = {isa = PBXFileReference; explicitFileType = wrapper.cfbundle; includeInIndex = 0; path = GitTestTests.xctest; sourceTree = BUILT_PRODUCTS_DIR; };
		659F62F41AB0745C0043F2AF /* Info.plist */ = {isa = PBXFileReference; lastKnownFileType = text.plist.xml; path = Info.plist; sourceTree = "<group>"; };
		659F62F51AB0745C0043F2AF /* GitTestTests.m */ = {isa = PBXFileReference; lastKnownFileType = sourcecode.c.objc; path = GitTestTests.m; sourceTree = "<group>"; };
/* End PBXFileReference section */

/* Begin PBXFrameworksBuildPhase section */
		659F62D31AB0745C0043F2AF /* Frameworks */ = {
			isa = PBXFrameworksBuildPhase;
			buildActionMask = 2147483647;
			files = (
			);
			runOnlyForDeploymentPostprocessing = 0;
		};
		659F62EC1AB0745C0043F2AF /* Frameworks */ = {
			isa = PBXFrameworksBuildPhase;
			buildActionMask = 2147483647;
			files = (
			);
			runOnlyForDeploymentPostprocessing = 0;
		};
/* End PBXFrameworksBuildPhase section */

/* Begin PBXGroup section */
		659F62CD1AB0745C0043F2AF = {
			isa = PBXGroup;
			children = (
				659F62D81AB0745C0043F2AF /* GitTest */,
				659F62F21AB0745C0043F2AF /* GitTestTests */,
				659F62D71AB0745C0043F2AF /* Products */,
			);
			sourceTree = "<group>";
		};
		659F62D71AB0745C0043F2AF /* Products */ = {
			isa = PBXGroup;
			children = (
				659F62D61AB0745C0043F2AF /* GitTest.app */,
				659F62EF1AB0745C0043F2AF /* GitTestTests.xctest */,
			);
			name = Products;
			sourceTree = "<group>";
		};
		659F62D81AB0745C0043F2AF /* GitTest */ = {
			isa = PBXGroup;
			children = (
				659F62DD1AB0745C0043F2AF /* AppDelegate.h */,
				659F62DE1AB0745C0043F2AF /* AppDelegate.m */,
				659F62E01AB0745C0043F2AF /* ViewController.h */,
				659F62E11AB0745C0043F2AF /* ViewController.m */,
				659F62E31AB0745C0043F2AF /* Main.storyboard */,
				659F62E61AB0745C0043F2AF /* Images.xcassets */,
				659F62E81AB0745C0043F2AF /* LaunchScreen.xib */,
				659F62D91AB0745C0043F2AF /* Supporting Files */,
			);
			path = GitTest;
			sourceTree = "<group>";
		};
		659F62D91AB0745C0043F2AF /* Supporting Files */ = {
			isa = PBXGroup;
			children = (
				659F62DA1AB0745C0043F2AF /* Info.plist */,
				659F62DB1AB0745C0043F2AF /* main.m */,
			);
			name = "Supporting Files";
			sourceTree = "<group>";
		};
		659F62F21AB0745C0043F2AF /* GitTestTests */ = {
			isa = PBXGroup;
			children = (
				659F62F51AB0745C0043F2AF /* GitTestTests.m */,
				659F62F31AB0745C0043F2AF /* Supporting Files */,
			);
			path = GitTestTests;
			sourceTree = "<group>";
		};
		659F62F31AB0745C0043F2AF /* Supporting Files */ = {
			isa = PBXGroup;
			children = (
				659F62F41AB0745C0043F2AF /* Info.plist */,
			);
			name = "Supporting Files";
			sourceTree = "<group>";
		};
/* End PBXGroup section */

/* Begin PBXNativeTarget section */
		659F62D51AB0745C0043F2AF /* GitTest */ = {
			isa = PBXNativeTarget;
			buildConfigurationList = 659F62F91AB0745C0043F2AF /* Build configuration list for PBXNativeTarget "GitTest" */;
			buildPhases = (
				659F62D21AB0745C0043F2AF /* Sources */,
				659F62D31AB0745C0043F2AF /* Frameworks */,
				659F62D41AB0745C0043F2AF /* Resources */,
			);
			buildRules = (
			);
			dependencies = (
			);
			name = GitTest;
			productName = GitTest;
			productReference = 659F62D61AB0745C0043F2AF /* GitTest.app */;
			productType = "com.apple.product-type.application";
		};
		659F62EE1AB0745C0043F2AF /* GitTestTests */ = {
			isa = PBXNativeTarget;
			buildConfigurationList = 659F62FC1AB0745C0043F2AF /* Build configuration list for PBXNativeTarget "GitTestTests" */;
			buildPhases = (
				659F62EB1AB0745C0043F2AF /* Sources */,
				659F62EC1AB0745C0043F2AF /* Frameworks */,
				659F62ED1AB0745C0043F2AF /* Resources */,
			);
			buildRules = (
			);
			dependencies = (
				659F62F11AB0745C0043F2AF /* PBXTargetDependency */,
			);
			name = GitTestTests;
			productName = GitTestTests;
			productReference = 659F62EF1AB0745C0043F2AF /* GitTestTests.xctest */;
			productType = "com.apple.product-type.bundle.unit-test";
		};
/* End PBXNativeTarget section */

/* Begin PBXProject section */
		659F62CE1AB0745C0043F2AF /* Project object */ = {
			isa = PBXProject;
			attributes = {
				LastUpgradeCheck = 0610;
				ORGANIZATIONNAME = tommy;
				TargetAttributes = {
					659F62D51AB0745C0043F2AF = {
						CreatedOnToolsVersion = 6.1.1;
					};
					659F62EE1AB0745C0043F2AF = {
						CreatedOnToolsVersion = 6.1.1;
						TestTargetID = 659F62D51AB0745C0043F2AF;
					};
				};
			};
			buildConfigurationList = 659F62D11AB0745C0043F2AF /* Build configuration list for PBXProject "GitTest" */;
			compatibilityVersion = "Xcode 3.2";
			developmentRegion = English;
			hasScannedForEncodings = 0;
			knownRegions = (
				en,
				Base,
			);
			mainGroup = 659F62CD1AB0745C0043F2AF;
			productRefGroup = 659F62D71AB0745C0043F2AF /* Products */;
			projectDirPath = "";
			projectRoot = "";
			targets = (
				659F62D51AB0745C0043F2AF /* GitTest */,
				659F62EE1AB0745C0043F2AF /* GitTestTests */,
			);
		};
/* End PBXProject section */

/* Begin PBXResourcesBuildPhase section */
		659F62D41AB0745C0043F2AF /* Resources */ = {
			isa = PBXResourcesBuildPhase;
			buildActionMask = 2147483647;
			files = (
				659F62E51AB0745C0043F2AF /* Main.storyboard in Resources */,
				659F62EA1AB0745C0043F2AF /* LaunchScreen.xib in Resources */,
				659F62E71AB0745C0043F2AF /* Images.xcassets in Resources */,
			);
			runOnlyForDeploymentPostprocessing = 0;
		};
		659F62ED1AB0745C0043F2AF /* Resources */ = {
			isa = PBXResourcesBuildPhase;
			buildActionMask = 2147483647;
			files = (
			);
			runOnlyForDeploymentPostprocessing = 0;
		};
/* End PBXResourcesBuildPhase section */

/* Begin PBXSourcesBuildPhase section */
		659F62D21AB0745C0043F2AF /* Sources */ = {
			isa = PBXSourcesBuildPhase;
			buildActionMask = 2147483647;
			files = (
				659F62E21AB0745C0043F2AF /* ViewController.m in Sources */,
				659F62DF1AB0745C0043F2AF /* AppDelegate.m in Sources */,
				659F62DC1AB0745C0043F2AF /* main.m in Sources */,
			);
			runOnlyForDeploymentPostprocessing = 0;
		};
		659F62EB1AB0745C0043F2AF /* Sources */ = {
			isa = PBXSourcesBuildPhase;
			buildActionMask = 2147483647;
			files = (
				659F62F61AB0745C0043F2AF /* GitTestTests.m in Sources */,
			);
			runOnlyForDeploymentPostprocessing = 0;
		};
/* End PBXSourcesBuildPhase section */

/* Begin PBXTargetDependency section */
		659F62F11AB0745C0043F2AF /* PBXTargetDependency */ = {
			isa = PBXTargetDependency;
			target = 659F62D51AB0745C0043F2AF /* GitTest */;
			targetProxy = 659F62F01AB0745C0043F2AF /* PBXContainerItemProxy */;
		};
/* End PBXTargetDependency section */

/* Begin PBXVariantGroup section */
		659F62E31AB0745C0043F2AF /* Main.storyboard */ = {
			isa = PBXVariantGroup;
			children = (
				659F62E41AB0745C0043F2AF /* Base */,
			);
			name = Main.storyboard;
			sourceTree = "<group>";
		};
		659F62E81AB0745C0043F2AF /* LaunchScreen.xib */ = {
			isa = PBXVariantGroup;
			children = (
				659F62E91AB0745C0043F2AF /* Base */,
			);
			name = LaunchScreen.xib;
			sourceTree = "<group>";
		};
/* End PBXVariantGroup section */

/* Begin XCBuildConfiguration section */
		659F62F71AB0745C0043F2AF /* Debug */ = {
			isa = XCBuildConfiguration;
			buildSettings = {
				ALWAYS_SEARCH_USER_PATHS = NO;
				CLANG_CXX_LANGUAGE_STANDARD = "gnu++0x";
				CLANG_CXX_LIBRARY = "libc++";
				CLANG_ENABLE_MODULES = YES;
				CLANG_ENABLE_OBJC_ARC = YES;
				CLANG_WARN_BOOL_CONVERSION = YES;
				CLANG_WARN_CONSTANT_CONVERSION = YES;
				CLANG_WARN_DIRECT_OBJC_ISA_USAGE = YES_ERROR;
				CLANG_WARN_EMPTY_BODY = YES;
				CLANG_WARN_ENUM_CONVERSION = YES;
				CLANG_WARN_INT_CONVERSION = YES;
				CLANG_WARN_OBJC_ROOT_CLASS = YES_ERROR;
				CLANG_WARN_UNREACHABLE_CODE = YES;
				CLANG_WARN__DUPLICATE_METHOD_MATCH = YES;
				"CODE_SIGN_IDENTITY[sdk=iphoneos*]" = "iPhone Developer";
				COPY_PHASE_STRIP = NO;
				ENABLE_STRICT_OBJC_MSGSEND = YES;
				GCC_C_LANGUAGE_STANDARD = gnu99;
				GCC_DYNAMIC_NO_PIC = NO;
				GCC_OPTIMIZATION_LEVEL = 0;
				GCC_PREPROCESSOR_DEFINITIONS = (
					"DEBUG=1",
					"$(inherited)",
				);
				GCC_SYMBOLS_PRIVATE_EXTERN = NO;
				GCC_WARN_64_TO_32_BIT_CONVERSION = YES;
				GCC_WARN_ABOUT_RETURN_TYPE = YES_ERROR;
				GCC_WARN_UNDECLARED_SELECTOR = YES;
				GCC_WARN_UNINITIALIZED_AUTOS = YES_AGGRESSIVE;
				GCC_WARN_UNUSED_FUNCTION = YES;
				GCC_WARN_UNUSED_VARIABLE = YES;
				IPHONEOS_DEPLOYMENT_TARGET = 8.1;
				MTL_ENABLE_DEBUG_INFO = YES;
				ONLY_ACTIVE_ARCH = YES;
				SDKROOT = iphoneos;
			};
			name = Debug;
		};
		659F62F81AB0745C0043F2AF /* Release */ = {
			isa = XCBuildConfiguration;
			buildSettings = {
				ALWAYS_SEARCH_USER_PATHS = NO;
				CLANG_CXX_LANGUAGE_STANDARD = "gnu++0x";
				CLANG_CXX_LIBRARY = "libc++";
				CLANG_ENABLE_MODULES = YES;
				CLANG_ENABLE_OBJC_ARC = YES;
				CLANG_WARN_BOOL_CONVERSION = YES;
				CLANG_WARN_CONSTANT_CONVERSION = YES;
				CLANG_WARN_DIRECT_OBJC_ISA_USAGE = YES_ERROR;
				CLANG_WARN_EMPTY_BODY = YES;
				CLANG_WARN_ENUM_CONVERSION = YES;
				CLANG_WARN_INT_CONVERSION = YES;
				CLANG_WARN_OBJC_ROOT_CLASS = YES_ERROR;
				CLANG_WARN_UNREACHABLE_CODE = YES;
				CLANG_WARN__DUPLICATE_METHOD_MATCH = YES;
				"CODE_SIGN_IDENTITY[sdk=iphoneos*]" = "iPhone Developer";
				COPY_PHASE_STRIP = YES;
				ENABLE_NS_ASSERTIONS = NO;
				ENABLE_STRICT_OBJC_MSGSEND = YES;
				GCC_C_LANGUAGE_STANDARD = gnu99;
				GCC_WARN_64_TO_32_BIT_CONVERSION = YES;
				GCC_WARN_ABOUT_RETURN_TYPE = YES_ERROR;
				GCC_WARN_UNDECLARED_SELECTOR = YES;
				GCC_WARN_UNINITIALIZED_AUTOS = YES_AGGRESSIVE;
				GCC_WARN_UNUSED_FUNCTION = YES;
				GCC_WARN_UNUSED_VARIABLE = YES;
				IPHONEOS_DEPLOYMENT_TARGET = 8.1;
				MTL_ENABLE_DEBUG_INFO = NO;
				SDKROOT = iphoneos;
				VALIDATE_PRODUCT = YES;
			};
			name = Release;
		};
		659F62FA1AB0745C0043F2AF /* Debug */ = {
			isa = XCBuildConfiguration;
			buildSettings = {
				ASSETCATALOG_COMPILER_APPICON_NAME = AppIcon;
				INFOPLIST_FILE = GitTest/Info.plist;
				LD_RUNPATH_SEARCH_PATHS = "$(inherited) @executable_path/Frameworks";
				PRODUCT_NAME = "$(TARGET_NAME)";
			};
			name = Debug;
		};
		659F62FB1AB0745C0043F2AF /* Release */ = {
			isa = XCBuildConfiguration;
			buildSettings = {
				ASSETCATALOG_COMPILER_APPICON_NAME = AppIcon;
				INFOPLIST_FILE = GitTest/Info.plist;
				LD_RUNPATH_SEARCH_PATHS = "$(inherited) @executable_path/Frameworks";
				PRODUCT_NAME = "$(TARGET_NAME)";
			};
			name = Release;
		};
		659F62FD1AB0745C0043F2AF /* Debug */ = {
			isa = XCBuildConfiguration;
			buildSettings = {
				BUNDLE_LOADER = "$(TEST_HOST)";
				FRAMEWORK_SEARCH_PATHS = (
					"$(SDKROOT)/Developer/Library/Frameworks",
					"$(inherited)",
				);
				GCC_PREPROCESSOR_DEFINITIONS = (
					"DEBUG=1",
					"$(inherited)",
				);
				INFOPLIST_FILE = GitTestTests/Info.plist;
				LD_RUNPATH_SEARCH_PATHS = "$(inherited) @executable_path/Frameworks @loader_path/Frameworks";
				PRODUCT_NAME = "$(TARGET_NAME)";
				TEST_HOST = "$(BUILT_PRODUCTS_DIR)/GitTest.app/GitTest";
			};
			name = Debug;
		};
		659F62FE1AB0745C0043F2AF /* Release */ = {
			isa = XCBuildConfiguration;
			buildSettings = {
				BUNDLE_LOADER = "$(TEST_HOST)";
				FRAMEWORK_SEARCH_PATHS = (
					"$(SDKROOT)/Developer/Library/Frameworks",
					"$(inherited)",
				);
				INFOPLIST_FILE = GitTestTests/Info.plist;
				LD_RUNPATH_SEARCH_PATHS = "$(inherited) @executable_path/Frameworks @loader_path/Frameworks";
				PRODUCT_NAME = "$(TARGET_NAME)";
				TEST_HOST = "$(BUILT_PRODUCTS_DIR)/GitTest.app/GitTest";
			};
			name = Release;
		};
/* End XCBuildConfiguration section */

/* Begin XCConfigurationList section */
		659F62D11AB0745C0043F2AF /* Build configuration list for PBXProject "GitTest" */ = {
			isa = XCConfigurationList;
			buildConfigurations = (
				659F62F71AB0745C0043F2AF /* Debug */,
				659F62F81AB0745C0043F2AF /* Release */,
			);
			defaultConfigurationIsVisible = 0;
			defaultConfigurationName = Release;
		};
		659F62F91AB0745C0043F2AF /* Build configuration list for PBXNativeTarget "GitTest" */ = {
			isa = XCConfigurationList;
			buildConfigurations = (
				659F62FA1AB0745C0043F2AF /* Debug */,
				659F62FB1AB0745C0043F2AF /* Release */,
			);
			defaultConfigurationIsVisible = 0;
		};
		659F62FC1AB0745C0043F2AF /* Build configuration list for PBXNativeTarget "GitTestTests" */ = {
			isa = XCConfigurationList;
			buildConfigurations = (
				659F62FD1AB0745C0043F2AF /* Debug */,
				659F62FE1AB0745C0043F2AF /* Release */,
			);
			defaultConfigurationIsVisible = 0;
		};
/* End XCConfigurationList section */
	};
	rootObject = 659F62CE1AB0745C0043F2AF /* Project object */;
}
